
Microsoft Visual Studio Solution File, Format Version 12.00
# Visual Studio Version 17
VisualStudioVersion = 17.5.002.0
MinimumVisualStudioVersion = 10.0.40219.1
Project("{9A19103F-16F7-4668-BE54-9A1E7A4F7556}") = "MyConsoleApp", "MyConsoleApp.csproj", "{874C9567-C77A-498E-B415-6E3876E3EFCB}"
EndProject
Global
	GlobalSection(SolutionConfigurationPlatforms) = preSolution
		Debug|Any CPU = Debug|Any CPU
		Release|Any CPU = Release|Any CPU
	EndGlobalSection
	GlobalSection(ProjectConfigurationPlatforms) = postSolution
		{874C9567-C77A-498E-B415-6E3876E3EFCB}.Debug|Any CPU.ActiveCfg = Debug|Any CPU
		{874C9567-C77A-498E-B415-6E3876E3EFCB}.Debug|Any CPU.Build.0 = Debug|Any CPU
		{874C9567-C77A-498E-B415-6E3876E3EFCB}.Release|Any CPU.ActiveCfg = Release|Any CPU
		{874C9567-C77A-498E-B415-6E3876E3EFCB}.Release|Any CPU.Build.0 = Release|Any CPU
	EndGlobalSection
	GlobalSection(SolutionProperties) = preSolution
		HideSolutionNode = FALSE
	EndGlobalSection
	GlobalSection(ExtensibilityGlobals) = postSolution
		SolutionGuid = {FAF8A439-5E65-48B1-B386-47A9B00FD56B}
	EndGlobalSection
EndGlobal
